
Microsoft Visual Studio Solution File, Format Version 12.00
# Visual Studio 15
VisualStudioVersion = 15.0.26124.0
MinimumVisualStudioVersion = 15.0.26124.0
Project("{FAE04EC0-301F-11D3-BF4B-00C04F79EFBC}") = "Frontend", "Frontend\Frontend.csproj", "{6262B7F4-AD55-4A24-B9AB-3345AA4D2A31}"
EndProject
Project("{FAE04EC0-301F-11D3-BF4B-00C04F79EFBC}") = "Backend", "Backend\Backend.csproj", "{E1E6735B-1C89-445B-9B13-24DAF26BAD06}"
EndProject
Global
	GlobalSection(SolutionConfigurationPlatforms) = preSolution
		Debug|Any CPU = Debug|Any CPU
		Debug|x64 = Debug|x64
		Debug|x86 = Debug|x86
		Release|Any CPU = Release|Any CPU
		Release|x64 = Release|x64
		Release|x86 = Release|x86
	EndGlobalSection
	GlobalSection(SolutionProperties) = preSolution
		HideSolutionNode = FALSE
	EndGlobalSection
	GlobalSection(ProjectConfigurationPlatforms) = postSolution
		{6262B7F4-AD55-4A24-B9AB-3345AA4D2A31}.Debug|Any CPU.ActiveCfg = Debug|Any CPU
		{6262B7F4-AD55-4A24-B9AB-3345AA4D2A31}.Debug|Any CPU.Build.0 = Debug|Any CPU
		{6262B7F4-AD55-4A24-B9AB-3345AA4D2A31}.Debug|x64.ActiveCfg = Debug|Any CPU
		{6262B7F4-AD55-4A24-B9AB-3345AA4D2A31}.Debug|x64.Build.0 = Debug|Any CPU
		{6262B7F4-AD55-4A24-B9AB-3345AA4D2A31}.Debug|x86.ActiveCfg = Debug|Any CPU
		{6262B7F4-AD55-4A24-B9AB-3345AA4D2A31}.Debug|x86.Build.0 = Debug|Any CPU
		{6262B7F4-AD55-4A24-B9AB-3345AA4D2A31}.Release|Any CPU.ActiveCfg = Release|Any CPU
		{6262B7F4-AD55-4A24-B9AB-3345AA4D2A31}.Release|Any CPU.Build.0 = Release|Any CPU
		{6262B7F4-AD55-4A24-B9AB-3345AA4D2A31}.Release|x64.ActiveCfg = Release|Any CPU
		{6262B7F4-AD55-4A24-B9AB-3345AA4D2A31}.Release|x64.Build.0 = Release|Any CPU
		{6262B7F4-AD55-4A24-B9AB-3345AA4D2A31}.Release|x86.ActiveCfg = Release|Any CPU
		{6262B7F4-AD55-4A24-B9AB-3345AA4D2A31}.Release|x86.Build.0 = Release|Any CPU
		{E1E6735B-1C89-445B-9B13-24DAF26BAD06}.Debug|Any CPU.ActiveCfg = Debug|Any CPU
		{E1E6735B-1C89-445B-9B13-24DAF26BAD06}.Debug|Any CPU.Build.0 = Debug|Any CPU
		{E1E6735B-1C89-445B-9B13-24DAF26BAD06}.Debug|x64.ActiveCfg = Debug|Any CPU
		{E1E6735B-1C89-445B-9B13-24DAF26BAD06}.Debug|x64.Build.0 = Debug|Any CPU
		{E1E6735B-1C89-445B-9B13-24DAF26BAD06}.Debug|x86.ActiveCfg = Debug|Any CPU
		{E1E6735B-1C89-445B-9B13-24DAF26BAD06}.Debug|x86.Build.0 = Debug|Any CPU
		{E1E6735B-1C89-445B-9B13-24DAF26BAD06}.Release|Any CPU.ActiveCfg = Release|Any CPU
		{E1E6735B-1C89-445B-9B13-24DAF26BAD06}.Release|Any CPU.Build.0 = Release|Any CPU
		{E1E6735B-1C89-445B-9B13-24DAF26BAD06}.Release|x64.ActiveCfg = Release|Any CPU
		{E1E6735B-1C89-445B-9B13-24DAF26BAD06}.Release|x64.Build.0 = Release|Any CPU
		{E1E6735B-1C89-445B-9B13-24DAF26BAD06}.Release|x86.ActiveCfg = Release|Any CPU
		{E1E6735B-1C89-445B-9B13-24DAF26BAD06}.Release|x86.Build.0 = Release|Any CPU
	EndGlobalSection
EndGlobal
